
Microsoft Visual Studio Solution File, Format Version 12.00
Project("{FAE04EC0-301F-11D3-BF4B-00C04F79EFBC}") = "unpractical_tactical", "unpractical_tactical\unpractical_tactical.csproj", "{D35F19E1-81AE-49EE-B4B2-C81C9208F2FB}"
EndProject
Global
	GlobalSection(SolutionConfigurationPlatforms) = preSolution
		Debug|Any CPU = Debug|Any CPU
		Release|Any CPU = Release|Any CPU
	EndGlobalSection
	GlobalSection(ProjectConfigurationPlatforms) = postSolution
		{D35F19E1-81AE-49EE-B4B2-C81C9208F2FB}.Debug|Any CPU.ActiveCfg = Debug|Any CPU
		{D35F19E1-81AE-49EE-B4B2-C81C9208F2FB}.Debug|Any CPU.Build.0 = Debug|Any CPU
		{D35F19E1-81AE-49EE-B4B2-C81C9208F2FB}.Release|Any CPU.ActiveCfg = Release|Any CPU
		{D35F19E1-81AE-49EE-B4B2-C81C9208F2FB}.Release|Any CPU.Build.0 = Release|Any CPU
	EndGlobalSection
EndGlobal
